
Microsoft Visual Studio Solution File, Format Version 12.00
# Visual Studio Version 17
VisualStudioVersion = 17.0.31903.59
MinimumVisualStudioVersion = 10.0.40219.1
Project("{FAE04EC0-301F-11D3-BF4B-00C04F79EFBC}") = "FrambosEngine", "FrambosEngine\FrambosEngine.csproj", "{C09E6003-DCCB-4FBF-8A46-5ED04D740CD2}"
EndProject
Project("{FAE04EC0-301F-11D3-BF4B-00C04F79EFBC}") = "FrambosEngine.Desktop", "FrambosEngine.Desktop\FrambosEngine.Desktop.csproj", "{0620B72A-7837-4369-BA1E-6279875F18C4}"
EndProject
Project("{FAE04EC0-301F-11D3-BF4B-00C04F79EFBC}") = "MarkisaOS", "MarkisaOS\MarkisaOS.csproj", "{2741EC1B-58AA-4297-8175-88D64CBB9C61}"
EndProject
Global
	GlobalSection(SolutionConfigurationPlatforms) = preSolution
		Debug|Any CPU = Debug|Any CPU
		Release|Any CPU = Release|Any CPU
	EndGlobalSection
	GlobalSection(SolutionProperties) = preSolution
		HideSolutionNode = FALSE
	EndGlobalSection
	GlobalSection(ProjectConfigurationPlatforms) = postSolution
		{C09E6003-DCCB-4FBF-8A46-5ED04D740CD2}.Debug|Any CPU.ActiveCfg = Debug|Any CPU
		{C09E6003-DCCB-4FBF-8A46-5ED04D740CD2}.Debug|Any CPU.Build.0 = Debug|Any CPU
		{C09E6003-DCCB-4FBF-8A46-5ED04D740CD2}.Release|Any CPU.ActiveCfg = Release|Any CPU
		{C09E6003-DCCB-4FBF-8A46-5ED04D740CD2}.Release|Any CPU.Build.0 = Release|Any CPU
		{0620B72A-7837-4369-BA1E-6279875F18C4}.Debug|Any CPU.ActiveCfg = Debug|Any CPU
		{0620B72A-7837-4369-BA1E-6279875F18C4}.Debug|Any CPU.Build.0 = Debug|Any CPU
		{0620B72A-7837-4369-BA1E-6279875F18C4}.Release|Any CPU.ActiveCfg = Release|Any CPU
		{0620B72A-7837-4369-BA1E-6279875F18C4}.Release|Any CPU.Build.0 = Release|Any CPU
		{2741EC1B-58AA-4297-8175-88D64CBB9C61}.Debug|Any CPU.ActiveCfg = Debug|Any CPU
		{2741EC1B-58AA-4297-8175-88D64CBB9C61}.Debug|Any CPU.Build.0 = Debug|Any CPU
		{2741EC1B-58AA-4297-8175-88D64CBB9C61}.Release|Any CPU.ActiveCfg = Release|Any CPU
		{2741EC1B-58AA-4297-8175-88D64CBB9C61}.Release|Any CPU.Build.0 = Release|Any CPU
	EndGlobalSection
EndGlobal
